// !$*UTF8*$!
{
	archiveVersion = 1;
	classes = {
	};
	objectVersion = 46;
	objects = {

/* Begin PBXBuildFile section */
		A028F3511BB6B6E00098BC27 /* AppDelegate.swift in Sources */ = {isa = PBXBuildFile; fileRef = A028F3501BB6B6E00098BC27 /* AppDelegate.swift */; };
		A028F3531BB6B6E00098BC27 /* ViewController.swift in Sources */ = {isa = PBXBuildFile; fileRef = A028F3521BB6B6E00098BC27 /* ViewController.swift */; };
		A028F3561BB6B6E00098BC27 /* Main.storyboard in Resources */ = {isa = PBXBuildFile; fileRef = A028F3541BB6B6E00098BC27 /* Main.storyboard */; };
		A028F3581BB6B6E00098BC27 /* Assets.xcassets in Resources */ = {isa = PBXBuildFile; fileRef = A028F3571BB6B6E00098BC27 /* Assets.xcassets */; };
		A028F35B1BB6B6E00098BC27 /* LaunchScreen.storyboard in Resources */ = {isa = PBXBuildFile; fileRef = A028F3591BB6B6E00098BC27 /* LaunchScreen.storyboard */; };
/* End PBXBuildFile section */

/* Begin PBXFileReference section */
		A028F34D1BB6B6E00098BC27 /* EasyStackViewAnimation.app */ = {isa = PBXFileReference; explicitFileType = wrapper.application; includeInIndex = 0; path = EasyStackViewAnimation.app; sourceTree = BUILT_PRODUCTS_DIR; };
		A028F3501BB6B6E00098BC27 /* AppDelegate.swift */ = {isa = PBXFileReference; lastKnownFileType = sourcecode.swift; path = AppDelegate.swift; sourceTree = "<group>"; };
		A028F3521BB6B6E00098BC27 /* ViewController.swift */ = {isa = PBXFileReference; lastKnownFileType = sourcecode.swift; path = ViewController.swift; sourceTree = "<group>"; };
		A028F3551BB6B6E00098BC27 /* Base */ = {isa = PBXFileReference; lastKnownFileType = file.storyboard; name = Base; path = Base.lproj/Main.storyboard; sourceTree = "<group>"; };
		A028F3571BB6B6E00098BC27 /* Assets.xcassets */ = {isa = PBXFileReference; lastKnownFileType = folder.assetcatalog; path = Assets.xcassets; sourceTree = "<group>"; };
		A028F35A1BB6B6E00098BC27 /* Base */ = {isa = PBXFileReference; lastKnownFileType = file.storyboard; name = Base; path = Base.lproj/LaunchScreen.storyboard; sourceTree = "<group>"; };
		A028F35C1BB6B6E00098BC27 /* Info.plist */ = {isa = PBXFileReference; lastKnownFileType = text.plist.xml; path = Info.plist; sourceTree = "<group>"; };
/* End PBXFileReference section */

/* Begin PBXFrameworksBuildPhase section */
		A028F34A1BB6B6E00098BC27 /* Frameworks */ = {
			isa = PBXFrameworksBuildPhase;
			buildActionMask = 2147483647;
			files = (
			);
			runOnlyForDeploymentPostprocessing = 0;
		};
/* End PBXFrameworksBuildPhase section */

/* Begin PBXGroup section */
		A028F3441BB6B6E00098BC27 = {
			isa = PBXGroup;
			children = (
				A028F34F1BB6B6E00098BC27 /* EasyStackViewAnimation */,
				A028F34E1BB6B6E00098BC27 /* Products */,
			);
			sourceTree = "<group>";
		};
		A028F34E1BB6B6E00098BC27 /* Products */ = {
			isa = PBXGroup;
			children = (
				A028F34D1BB6B6E00098BC27 /* EasyStackViewAnimation.app */,
			);
			name = Products;
			sourceTree = "<group>";
		};
		A028F34F1BB6B6E00098BC27 /* EasyStackViewAnimation */ = {
			isa = PBXGroup;
			children = (
				A028F3501BB6B6E00098BC27 /* AppDelegate.swift */,
				A028F3521BB6B6E00098BC27 /* ViewController.swift */,
				A028F3541BB6B6E00098BC27 /* Main.storyboard */,
				A028F3571BB6B6E00098BC27 /* Assets.xcassets */,
				A028F3591BB6B6E00098BC27 /* LaunchScreen.storyboard */,
				A028F35C1BB6B6E00098BC27 /* Info.plist */,
			);
			path = EasyStackViewAnimation;
			sourceTree = "<group>";
		};
/* End PBXGroup section */

/* Begin PBXNativeTarget section */
		A028F34C1BB6B6E00098BC27 /* EasyStackViewAnimation */ = {
			isa = PBXNativeTarget;
			buildConfigurationList = A028F35F1BB6B6E00098BC27 /* Build configuration list for PBXNativeTarget "EasyStackViewAnimation" */;
			buildPhases = (
				A028F3491BB6B6E00098BC27 /* Sources */,
				A028F34A1BB6B6E00098BC27 /* Frameworks */,
				A028F34B1BB6B6E00098BC27 /* Resources */,
			);
			buildRules = (
			);
			dependencies = (
			);
			name = EasyStackViewAnimation;
			productName = EasyStackViewAnimation;
			productReference = A028F34D1BB6B6E00098BC27 /* EasyStackViewAnimation.app */;
			productType = "com.apple.product-type.application";
		};
/* End PBXNativeTarget section */

/* Begin PBXProject section */
		A028F3451BB6B6E00098BC27 /* Project object */ = {
			isa = PBXProject;
			attributes = {
				LastUpgradeCheck = 1000;
				ORGANIZATIONNAME = "Nutchaphon Rewik";
				TargetAttributes = {
					A028F34C1BB6B6E00098BC27 = {
						CreatedOnToolsVersion = 7.0;
					};
				};
			};
			buildConfigurationList = A028F3481BB6B6E00098BC27 /* Build configuration list for PBXProject "EasyStackViewAnimation" */;
			compatibilityVersion = "Xcode 3.2";
			developmentRegion = English;
			hasScannedForEncodings = 0;
			knownRegions = (
				en,
				Base,
			);
			mainGroup = A028F3441BB6B6E00098BC27;
			productRefGroup = A028F34E1BB6B6E00098BC27 /* Products */;
			projectDirPath = "";
			projectRoot = "";
			targets = (
				A028F34C1BB6B6E00098BC27 /* EasyStackViewAnimation */,
			);
		};
/* End PBXProject section */

/* Begin PBXResourcesBuildPhase section */
		A028F34B1BB6B6E00098BC27 /* Resources */ = {
			isa = PBXResourcesBuildPhase;
			buildActionMask = 2147483647;
			files = (
				A028F35B1BB6B6E00098BC27 /* LaunchScreen.storyboard in Resources */,
				A028F3581BB6B6E00098BC27 /* Assets.xcassets in Resources */,
				A028F3561BB6B6E00098BC27 /* Main.storyboard in Resources */,
			);
			runOnlyForDeploymentPostprocessing = 0;
		};
/* End PBXResourcesBuildPhase section */

/* Begin PBXSourcesBuildPhase section */
		A028F3491BB6B6E00098BC27 /* Sources */ = {
			isa = PBXSourcesBuildPhase;
			buildActionMask = 2147483647;
			files = (
				A028F3531BB6B6E00098BC27 /* ViewController.swift in Sources */,
				A028F3511BB6B6E00098BC27 /* AppDelegate.swift in Sources */,
			);
			runOnlyForDeploymentPostprocessing = 0;
		};
/* End PBXSourcesBuildPhase section */

/* Begin PBXVariantGroup section */
		A028F3541BB6B6E00098BC27 /* Main.storyboard */ = {
			isa = PBXVariantGroup;
			children = (
				A028F3551BB6B6E00098BC27 /* Base */,
			);
			name = Main.storyboard;
			sourceTree = "<group>";
		};
		A028F3591BB6B6E00098BC27 /* LaunchScreen.storyboard */ = {
			isa = PBXVariantGroup;
			children = (
				A028F35A1BB6B6E00098BC27 /* Base */,
			);
			name = LaunchScreen.storyboard;
			sourceTree = "<group>";
		};
/* End PBXVariantGroup section */

/* Begin XCBuildConfiguration section */
		A028F35D1BB6B6E00098BC27 /* Debug */ = {
			isa = XCBuildConfiguration;
			buildSettings = {
				ALWAYS_SEARCH_USER_PATHS = NO;
				CLANG_CXX_LANGUAGE_STANDARD = "gnu++0x";
				CLANG_CXX_LIBRARY = "libc++";
				CLANG_ENABLE_MODULES = YES;
				CLANG_ENABLE_OBJC_ARC = YES;
				CLANG_WARN_BLOCK_CAPTURE_AUTORELEASING = YES;
				CLANG_WARN_BOOL_CONVERSION = YES;
				CLANG_WARN_COMMA = YES;
				CLANG_WARN_CONSTANT_CONVERSION = YES;
				CLANG_WARN_DEPRECATED_OBJC_IMPLEMENTATIONS = YES;
				CLANG_WARN_DIRECT_OBJC_ISA_USAGE = YES_ERROR;
				CLANG_WARN_EMPTY_BODY = YES;
				CLANG_WARN_ENUM_CONVERSION = YES;
				CLANG_WARN_INFINITE_RECURSION = YES;
				CLANG_WARN_INT_CONVERSION = YES;
				CLANG_WARN_NON_LITERAL_NULL_CONVERSION = YES;
				CLANG_WARN_OBJC_IMPLICIT_RETAIN_SELF = YES;
				CLANG_WARN_OBJC_LITERAL_CONVERSION = YES;
				CLANG_WARN_OBJC_ROOT_CLASS = YES_ERROR;
				CLANG_WARN_RANGE_LOOP_ANALYSIS = YES;
				CLANG_WARN_STRICT_PROTOTYPES = YES;
				CLANG_WARN_SUSPICIOUS_MOVE = YES;
				CLANG_WARN_UNREACHABLE_CODE = YES;
				CLANG_WARN__DUPLICATE_METHOD_MATCH = YES;
				"CODE_SIGN_IDENTITY[sdk=iphoneos*]" = "iPhone Developer";
				COPY_PHASE_STRIP = NO;
				DEBUG_INFORMATION_FORMAT = dwarf;
				ENABLE_STRICT_OBJC_MSGSEND = YES;
				ENABLE_TESTABILITY = YES;
				GCC_C_LANGUAGE_STANDARD = gnu99;
				GCC_DYNAMIC_NO_PIC = NO;
				GCC_NO_COMMON_BLOCKS = YES;
				GCC_OPTIMIZATION_LEVEL = 0;
				GCC_PREPROCESSOR_DEFINITIONS = (
					"DEBUG=1",
					"$(inherited)",
				);
				GCC_WARN_64_TO_32_BIT_CONVERSION = YES;
				GCC_WARN_ABOUT_RETURN_TYPE = YES_ERROR;
				GCC_WARN_UNDECLARED_SELECTOR = YES;
				GCC_WARN_UNINITIALIZED_AUTOS = YES_AGGRESSIVE;
				GCC_WARN_UNUSED_FUNCTION = YES;
				GCC_WARN_UNUSED_VARIABLE = YES;
				IPHONEOS_DEPLOYMENT_TARGET = 9.0;
				MTL_ENABLE_DEBUG_INFO = YES;
				ONLY_ACTIVE_ARCH = YES;
				SDKROOT = iphoneos;
				SWIFT_OPTIMIZATION_LEVEL = "-Onone";
			};
			name = Debug;
		};
		A028F35E1BB6B6E00098BC27 /* Release */ = {
			isa = XCBuildConfiguration;
			buildSettings = {
				ALWAYS_SEARCH_USER_PATHS = NO;
				CLANG_CXX_LANGUAGE_STANDARD = "gnu++0x";
				CLANG_CXX_LIBRARY = "libc++";
				CLANG_ENABLE_MODULES = YES;
				CLANG_ENABLE_OBJC_ARC = YES;
				CLANG_WARN_BLOCK_CAPTURE_AUTORELEASING = YES;
				CLANG_WARN_BOOL_CONVERSION = YES;
				CLANG_WARN_COMMA = YES;
				CLANG_WARN_CONSTANT_CONVERSION = YES;
				CLANG_WARN_DEPRECATED_OBJC_IMPLEMENTATIONS = YES;
				CLANG_WARN_DIRECT_OBJC_ISA_USAGE = YES_ERROR;
				CLANG_WARN_EMPTY_BODY = YES;
				CLANG_WARN_ENUM_CONVERSION = YES;
				CLANG_WARN_INFINITE_RECURSION = YES;
				CLANG_WARN_INT_CONVERSION = YES;
				CLANG_WARN_NON_LITERAL_NULL_CONVERSION = YES;
				CLANG_WARN_OBJC_IMPLICIT_RETAIN_SELF = YES;
				CLANG_WARN_OBJC_LITERAL_CONVERSION = YES;
				CLANG_WARN_OBJC_ROOT_CLASS = YES_ERROR;
				CLANG_WARN_RANGE_LOOP_ANALYSIS = YES;
				CLANG_WARN_STRICT_PROTOTYPES = YES;
				CLANG_WARN_SUSPICIOUS_MOVE = YES;
				CLANG_WARN_UNREACHABLE_CODE = YES;
				CLANG_WARN__DUPLICATE_METHOD_MATCH = YES;
				"CODE_SIGN_IDENTITY[sdk=iphoneos*]" = "iPhone Developer";
				COPY_PHASE_STRIP = NO;
				DEBUG_INFORMATION_FORMAT = "dwarf-with-dsym";
				ENABLE_NS_ASSERTIONS = NO;
				ENABLE_STRICT_OBJC_MSGSEND = YES;
				GCC_C_LANGUAGE_STANDARD = gnu99;
				GCC_NO_COMMON_BLOCKS = YES;
				GCC_WARN_64_TO_32_BIT_CONVERSION = YES;
				GCC_WARN_ABOUT_RETURN_TYPE = YES_ERROR;
				GCC_WARN_UNDECLARED_SELECTOR = YES;
				GCC_WARN_UNINITIALIZED_AUTOS = YES_AGGRESSIVE;
				GCC_WARN_UNUSED_FUNCTION = YES;
				GCC_WARN_UNUSED_VARIABLE = YES;
				IPHONEOS_DEPLOYMENT_TARGET = 9.0;
				MTL_ENABLE_DEBUG_INFO = NO;
				SDKROOT = iphoneos;
				SWIFT_COMPILATION_MODE = wholemodule;
				VALIDATE_PRODUCT = YES;
			};
			name = Release;
		};
		A028F3601BB6B6E00098BC27 /* Debug */ = {
			isa = XCBuildConfiguration;
			buildSettings = {
				ASSETCATALOG_COMPILER_APPICON_NAME = AppIcon;
				INFOPLIST_FILE = EasyStackViewAnimation/Info.plist;
				LD_RUNPATH_SEARCH_PATHS = "$(inherited) @executable_path/Frameworks";
				PRODUCT_BUNDLE_IDENTIFIER = nRewik.EasyStackViewAnimation;
				PRODUCT_NAME = "$(TARGET_NAME)";
				SWIFT_VERSION = 4.2;
			};
			name = Debug;
		};
		A028F3611BB6B6E00098BC27 /* Release */ = {
			isa = XCBuildConfiguration;
			buildSettings = {
				ASSETCATALOG_COMPILER_APPICON_NAME = AppIcon;
				INFOPLIST_FILE = EasyStackViewAnimation/Info.plist;
				LD_RUNPATH_SEARCH_PATHS = "$(inherited) @executable_path/Frameworks";
				PRODUCT_BUNDLE_IDENTIFIER = nRewik.EasyStackViewAnimation;
				PRODUCT_NAME = "$(TARGET_NAME)";
				SWIFT_VERSION = 4.2;
			};
			name = Release;
		};
/* End XCBuildConfiguration section */

/* Begin XCConfigurationList section */
		A028F3481BB6B6E00098BC27 /* Build configuration list for PBXProject "EasyStackViewAnimation" */ = {
			isa = XCConfigurationList;
			buildConfigurations = (
				A028F35D1BB6B6E00098BC27 /* Debug */,
				A028F35E1BB6B6E00098BC27 /* Release */,
			);
			defaultConfigurationIsVisible = 0;
			defaultConfigurationName = Release;
		};
		A028F35F1BB6B6E00098BC27 /* Build configuration list for PBXNativeTarget "EasyStackViewAnimation" */ = {
			isa = XCConfigurationList;
			buildConfigurations = (
				A028F3601BB6B6E00098BC27 /* Debug */,
				A028F3611BB6B6E00098BC27 /* Release */,
			);
			defaultConfigurationIsVisible = 0;
			defaultConfigurationName = Release;
		};
/* End XCConfigurationList section */
	};
	rootObject = A028F3451BB6B6E00098BC27 /* Project object */;
}
